// !$*UTF8*$!
{
	archiveVersion = 1;
	classes = {
	};
	objectVersion = 56;
	objects = {

/* Begin PBXBuildFile section */
		60EF2F3628EB7C1D009DA0E3 /* Just_ScoresApp.swift in Sources */ = {isa = PBXBuildFile; fileRef = 60EF2F3528EB7C1D009DA0E3 /* Just_ScoresApp.swift */; };
		60EF2F3828EB7C1D009DA0E3 /* ContentView.swift in Sources */ = {isa = PBXBuildFile; fileRef = 60EF2F3728EB7C1D009DA0E3 /* ContentView.swift */; };
		60EF2F3A28EB7C1F009DA0E3 /* Assets.xcassets in Resources */ = {isa = PBXBuildFile; fileRef = 60EF2F3928EB7C1F009DA0E3 /* Assets.xcassets */; };
		60EF2F3D28EB7C1F009DA0E3 /* Preview Assets.xcassets in Resources */ = {isa = PBXBuildFile; fileRef = 60EF2F3C28EB7C1F009DA0E3 /* Preview Assets.xcassets */; };
		60EF2F4728EB7C1F009DA0E3 /* Just_ScoresTests.swift in Sources */ = {isa = PBXBuildFile; fileRef = 60EF2F4628EB7C1F009DA0E3 /* Just_ScoresTests.swift */; };
		60EF2F5128EB7C1F009DA0E3 /* Just_ScoresUITests.swift in Sources */ = {isa = PBXBuildFile; fileRef = 60EF2F5028EB7C1F009DA0E3 /* Just_ScoresUITests.swift */; };
		60EF2F5328EB7C1F009DA0E3 /* Just_ScoresUITestsLaunchTests.swift in Sources */ = {isa = PBXBuildFile; fileRef = 60EF2F5228EB7C1F009DA0E3 /* Just_ScoresUITestsLaunchTests.swift */; };
/* End PBXBuildFile section */

/* Begin PBXContainerItemProxy section */
		60EF2F4328EB7C1F009DA0E3 /* PBXContainerItemProxy */ = {
			isa = PBXContainerItemProxy;
			containerPortal = 60EF2F2A28EB7C1D009DA0E3 /* Project object */;
			proxyType = 1;
			remoteGlobalIDString = 60EF2F3128EB7C1D009DA0E3;
			remoteInfo = "Just Scores";
		};
		60EF2F4D28EB7C1F009DA0E3 /* PBXContainerItemProxy */ = {
			isa = PBXContainerItemProxy;
			containerPortal = 60EF2F2A28EB7C1D009DA0E3 /* Project object */;
			proxyType = 1;
			remoteGlobalIDString = 60EF2F3128EB7C1D009DA0E3;
			remoteInfo = "Just Scores";
		};
/* End PBXContainerItemProxy section */

/* Begin PBXFileReference section */
		60EF2F3228EB7C1D009DA0E3 /* Just Scores.app */ = {isa = PBXFileReference; explicitFileType = wrapper.application; includeInIndex = 0; path = "Just Scores.app"; sourceTree = BUILT_PRODUCTS_DIR; };
		60EF2F3528EB7C1D009DA0E3 /* Just_ScoresApp.swift */ = {isa = PBXFileReference; lastKnownFileType = sourcecode.swift; path = Just_ScoresApp.swift; sourceTree = "<group>"; };
		60EF2F3728EB7C1D009DA0E3 /* ContentView.swift */ = {isa = PBXFileReference; lastKnownFileType = sourcecode.swift; path = ContentView.swift; sourceTree = "<group>"; };
		60EF2F3928EB7C1F009DA0E3 /* Assets.xcassets */ = {isa = PBXFileReference; lastKnownFileType = folder.assetcatalog; path = Assets.xcassets; sourceTree = "<group>"; };
		60EF2F3C28EB7C1F009DA0E3 /* Preview Assets.xcassets */ = {isa = PBXFileReference; lastKnownFileType = folder.assetcatalog; path = "Preview Assets.xcassets"; sourceTree = "<group>"; };
		60EF2F4228EB7C1F009DA0E3 /* Just ScoresTests.xctest */ = {isa = PBXFileReference; explicitFileType = wrapper.cfbundle; includeInIndex = 0; path = "Just ScoresTests.xctest"; sourceTree = BUILT_PRODUCTS_DIR; };
		60EF2F4628EB7C1F009DA0E3 /* Just_ScoresTests.swift */ = {isa = PBXFileReference; lastKnownFileType = sourcecode.swift; path = Just_ScoresTests.swift; sourceTree = "<group>"; };
		60EF2F4C28EB7C1F009DA0E3 /* Just ScoresUITests.xctest */ = {isa = PBXFileReference; explicitFileType = wrapper.cfbundle; includeInIndex = 0; path = "Just ScoresUITests.xctest"; sourceTree = BUILT_PRODUCTS_DIR; };
		60EF2F5028EB7C1F009DA0E3 /* Just_ScoresUITests.swift */ = {isa = PBXFileReference; lastKnownFileType = sourcecode.swift; path = Just_ScoresUITests.swift; sourceTree = "<group>"; };
		60EF2F5228EB7C1F009DA0E3 /* Just_ScoresUITestsLaunchTests.swift */ = {isa = PBXFileReference; lastKnownFileType = sourcecode.swift; path = Just_ScoresUITestsLaunchTests.swift; sourceTree = "<group>"; };
/* End PBXFileReference section */

/* Begin PBXFrameworksBuildPhase section */
		60EF2F2F28EB7C1D009DA0E3 /* Frameworks */ = {
			isa = PBXFrameworksBuildPhase;
			buildActionMask = 2147483647;
			files = (
			);
			runOnlyForDeploymentPostprocessing = 0;
		};
		60EF2F3F28EB7C1F009DA0E3 /* Frameworks */ = {
			isa = PBXFrameworksBuildPhase;
			buildActionMask = 2147483647;
			files = (
			);
			runOnlyForDeploymentPostprocessing = 0;
		};
		60EF2F4928EB7C1F009DA0E3 /* Frameworks */ = {
			isa = PBXFrameworksBuildPhase;
			buildActionMask = 2147483647;
			files = (
			);
			runOnlyForDeploymentPostprocessing = 0;
		};
/* End PBXFrameworksBuildPhase section */

/* Begin PBXGroup section */
		60EF2F2928EB7C1D009DA0E3 = {
			isa = PBXGroup;
			children = (
				60EF2F3428EB7C1D009DA0E3 /* Just Scores */,
				60EF2F4528EB7C1F009DA0E3 /* Just ScoresTests */,
				60EF2F4F28EB7C1F009DA0E3 /* Just ScoresUITests */,
				60EF2F3328EB7C1D009DA0E3 /* Products */,
			);
			sourceTree = "<group>";
		};
		60EF2F3328EB7C1D009DA0E3 /* Products */ = {
			isa = PBXGroup;
			children = (
				60EF2F3228EB7C1D009DA0E3 /* Just Scores.app */,
				60EF2F4228EB7C1F009DA0E3 /* Just ScoresTests.xctest */,
				60EF2F4C28EB7C1F009DA0E3 /* Just ScoresUITests.xctest */,
			);
			name = Products;
			sourceTree = "<group>";
		};
		60EF2F3428EB7C1D009DA0E3 /* Just Scores */ = {
			isa = PBXGroup;
			children = (
				60EF2F3528EB7C1D009DA0E3 /* Just_ScoresApp.swift */,
				60EF2F3728EB7C1D009DA0E3 /* ContentView.swift */,
				60EF2F3928EB7C1F009DA0E3 /* Assets.xcassets */,
				60EF2F3B28EB7C1F009DA0E3 /* Preview Content */,
			);
			path = "Just Scores";
			sourceTree = "<group>";
		};
		60EF2F3B28EB7C1F009DA0E3 /* Preview Content */ = {
			isa = PBXGroup;
			children = (
				60EF2F3C28EB7C1F009DA0E3 /* Preview Assets.xcassets */,
			);
			path = "Preview Content";
			sourceTree = "<group>";
		};
		60EF2F4528EB7C1F009DA0E3 /* Just ScoresTests */ = {
			isa = PBXGroup;
			children = (
				60EF2F4628EB7C1F009DA0E3 /* Just_ScoresTests.swift */,
			);
			path = "Just ScoresTests";
			sourceTree = "<group>";
		};
		60EF2F4F28EB7C1F009DA0E3 /* Just ScoresUITests */ = {
			isa = PBXGroup;
			children = (
				60EF2F5028EB7C1F009DA0E3 /* Just_ScoresUITests.swift */,
				60EF2F5228EB7C1F009DA0E3 /* Just_ScoresUITestsLaunchTests.swift */,
			);
			path = "Just ScoresUITests";
			sourceTree = "<group>";
		};
/* End PBXGroup section */

/* Begin PBXNativeTarget section */
		60EF2F3128EB7C1D009DA0E3 /* Just Scores */ = {
			isa = PBXNativeTarget;
			buildConfigurationList = 60EF2F5628EB7C1F009DA0E3 /* Build configuration list for PBXNativeTarget "Just Scores" */;
			buildPhases = (
				60EF2F2E28EB7C1D009DA0E3 /* Sources */,
				60EF2F2F28EB7C1D009DA0E3 /* Frameworks */,
				60EF2F3028EB7C1D009DA0E3 /* Resources */,
			);
			buildRules = (
			);
			dependencies = (
			);
			name = "Just Scores";
			productName = "Just Scores";
			productReference = 60EF2F3228EB7C1D009DA0E3 /* Just Scores.app */;
			productType = "com.apple.product-type.application";
		};
		60EF2F4128EB7C1F009DA0E3 /* Just ScoresTests */ = {
			isa = PBXNativeTarget;
			buildConfigurationList = 60EF2F5928EB7C1F009DA0E3 /* Build configuration list for PBXNativeTarget "Just ScoresTests" */;
			buildPhases = (
				60EF2F3E28EB7C1F009DA0E3 /* Sources */,
				60EF2F3F28EB7C1F009DA0E3 /* Frameworks */,
				60EF2F4028EB7C1F009DA0E3 /* Resources */,
			);
			buildRules = (
			);
			dependencies = (
				60EF2F4428EB7C1F009DA0E3 /* PBXTargetDependency */,
			);
			name = "Just ScoresTests";
			productName = "Just ScoresTests";
			productReference = 60EF2F4228EB7C1F009DA0E3 /* Just ScoresTests.xctest */;
			productType = "com.apple.product-type.bundle.unit-test";
		};
		60EF2F4B28EB7C1F009DA0E3 /* Just ScoresUITests */ = {
			isa = PBXNativeTarget;
			buildConfigurationList = 60EF2F5C28EB7C1F009DA0E3 /* Build configuration list for PBXNativeTarget "Just ScoresUITests" */;
			buildPhases = (
				60EF2F4828EB7C1F009DA0E3 /* Sources */,
				60EF2F4928EB7C1F009DA0E3 /* Frameworks */,
				60EF2F4A28EB7C1F009DA0E3 /* Resources */,
			);
			buildRules = (
			);
			dependencies = (
				60EF2F4E28EB7C1F009DA0E3 /* PBXTargetDependency */,
			);
			name = "Just ScoresUITests";
			productName = "Just ScoresUITests";
			productReference = 60EF2F4C28EB7C1F009DA0E3 /* Just ScoresUITests.xctest */;
			productType = "com.apple.product-type.bundle.ui-testing";
		};
/* End PBXNativeTarget section */

/* Begin PBXProject section */
		60EF2F2A28EB7C1D009DA0E3 /* Project object */ = {
			isa = PBXProject;
			attributes = {
				BuildIndependentTargetsInParallel = 1;
				LastSwiftUpdateCheck = 1400;
				LastUpgradeCheck = 1400;
				TargetAttributes = {
					60EF2F3128EB7C1D009DA0E3 = {
						CreatedOnToolsVersion = 14.0;
					};
					60EF2F4128EB7C1F009DA0E3 = {
						CreatedOnToolsVersion = 14.0;
						TestTargetID = 60EF2F3128EB7C1D009DA0E3;
					};
					60EF2F4B28EB7C1F009DA0E3 = {
						CreatedOnToolsVersion = 14.0;
						TestTargetID = 60EF2F3128EB7C1D009DA0E3;
					};
				};
			};
			buildConfigurationList = 60EF2F2D28EB7C1D009DA0E3 /* Build configuration list for PBXProject "Just Scores" */;
			compatibilityVersion = "Xcode 14.0";
			developmentRegion = en;
			hasScannedForEncodings = 0;
			knownRegions = (
				en,
				Base,
			);
			mainGroup = 60EF2F2928EB7C1D009DA0E3;
			productRefGroup = 60EF2F3328EB7C1D009DA0E3 /* Products */;
			projectDirPath = "";
			projectRoot = "";
			targets = (
				60EF2F3128EB7C1D009DA0E3 /* Just Scores */,
				60EF2F4128EB7C1F009DA0E3 /* Just ScoresTests */,
				60EF2F4B28EB7C1F009DA0E3 /* Just ScoresUITests */,
			);
		};
/* End PBXProject section */

/* Begin PBXResourcesBuildPhase section */
		60EF2F3028EB7C1D009DA0E3 /* Resources */ = {
			isa = PBXResourcesBuildPhase;
			buildActionMask = 2147483647;
			files = (
				60EF2F3D28EB7C1F009DA0E3 /* Preview Assets.xcassets in Resources */,
				60EF2F3A28EB7C1F009DA0E3 /* Assets.xcassets in Resources */,
			);
			runOnlyForDeploymentPostprocessing = 0;
		};
		60EF2F4028EB7C1F009DA0E3 /* Resources */ = {
			isa = PBXResourcesBuildPhase;
			buildActionMask = 2147483647;
			files = (
			);
			runOnlyForDeploymentPostprocessing = 0;
		};
		60EF2F4A28EB7C1F009DA0E3 /* Resources */ = {
			isa = PBXResourcesBuildPhase;
			buildActionMask = 2147483647;
			files = (
			);
			runOnlyForDeploymentPostprocessing = 0;
		};
/* End PBXResourcesBuildPhase section */

/* Begin PBXSourcesBuildPhase section */
		60EF2F2E28EB7C1D009DA0E3 /* Sources */ = {
			isa = PBXSourcesBuildPhase;
			buildActionMask = 2147483647;
			files = (
				60EF2F3828EB7C1D009DA0E3 /* ContentView.swift in Sources */,
				60EF2F3628EB7C1D009DA0E3 /* Just_ScoresApp.swift in Sources */,
			);
			runOnlyForDeploymentPostprocessing = 0;
		};
		60EF2F3E28EB7C1F009DA0E3 /* Sources */ = {
			isa = PBXSourcesBuildPhase;
			buildActionMask = 2147483647;
			files = (
				60EF2F4728EB7C1F009DA0E3 /* Just_ScoresTests.swift in Sources */,
			);
			runOnlyForDeploymentPostprocessing = 0;
		};
		60EF2F4828EB7C1F009DA0E3 /* Sources */ = {
			isa = PBXSourcesBuildPhase;
			buildActionMask = 2147483647;
			files = (
				60EF2F5128EB7C1F009DA0E3 /* Just_ScoresUITests.swift in Sources */,
				60EF2F5328EB7C1F009DA0E3 /* Just_ScoresUITestsLaunchTests.swift in Sources */,
			);
			runOnlyForDeploymentPostprocessing = 0;
		};
/* End PBXSourcesBuildPhase section */

/* Begin PBXTargetDependency section */
		60EF2F4428EB7C1F009DA0E3 /* PBXTargetDependency */ = {
			isa = PBXTargetDependency;
			target = 60EF2F3128EB7C1D009DA0E3 /* Just Scores */;
			targetProxy = 60EF2F4328EB7C1F009DA0E3 /* PBXContainerItemProxy */;
		};
		60EF2F4E28EB7C1F009DA0E3 /* PBXTargetDependency */ = {
			isa = PBXTargetDependency;
			target = 60EF2F3128EB7C1D009DA0E3 /* Just Scores */;
			targetProxy = 60EF2F4D28EB7C1F009DA0E3 /* PBXContainerItemProxy */;
		};
/* End PBXTargetDependency section */

/* Begin XCBuildConfiguration section */
		60EF2F5428EB7C1F009DA0E3 /* Debug */ = {
			isa = XCBuildConfiguration;
			buildSettings = {
				ALWAYS_SEARCH_USER_PATHS = NO;
				CLANG_ANALYZER_NONNULL = YES;
				CLANG_ANALYZER_NUMBER_OBJECT_CONVERSION = YES_AGGRESSIVE;
				CLANG_CXX_LANGUAGE_STANDARD = "gnu++20";
				CLANG_ENABLE_MODULES = YES;
				CLANG_ENABLE_OBJC_ARC = YES;
				CLANG_ENABLE_OBJC_WEAK = YES;
				CLANG_WARN_BLOCK_CAPTURE_AUTORELEASING = YES;
				CLANG_WARN_BOOL_CONVERSION = YES;
				CLANG_WARN_COMMA = YES;
				CLANG_WARN_CONSTANT_CONVERSION = YES;
				CLANG_WARN_DEPRECATED_OBJC_IMPLEMENTATIONS = YES;
				CLANG_WARN_DIRECT_OBJC_ISA_USAGE = YES_ERROR;
				CLANG_WARN_DOCUMENTATION_COMMENTS = YES;
				CLANG_WARN_EMPTY_BODY = YES;
				CLANG_WARN_ENUM_CONVERSION = YES;
				CLANG_WARN_INFINITE_RECURSION = YES;
				CLANG_WARN_INT_CONVERSION = YES;
				CLANG_WARN_NON_LITERAL_NULL_CONVERSION = YES;
				CLANG_WARN_OBJC_IMPLICIT_RETAIN_SELF = YES;
				CLANG_WARN_OBJC_LITERAL_CONVERSION = YES;
				CLANG_WARN_OBJC_ROOT_CLASS = YES_ERROR;
				CLANG_WARN_QUOTED_INCLUDE_IN_FRAMEWORK_HEADER = YES;
				CLANG_WARN_RANGE_LOOP_ANALYSIS = YES;
				CLANG_WARN_STRICT_PROTOTYPES = YES;
				CLANG_WARN_SUSPICIOUS_MOVE = YES;
				CLANG_WARN_UNGUARDED_AVAILABILITY = YES_AGGRESSIVE;
				CLANG_WARN_UNREACHABLE_CODE = YES;
				CLANG_WARN__DUPLICATE_METHOD_MATCH = YES;
				COPY_PHASE_STRIP = NO;
				DEBUG_INFORMATION_FORMAT = dwarf;
				ENABLE_STRICT_OBJC_MSGSEND = YES;
				ENABLE_TESTABILITY = YES;
				GCC_C_LANGUAGE_STANDARD = gnu11;
				GCC_DYNAMIC_NO_PIC = NO;
				GCC_NO_COMMON_BLOCKS = YES;
				GCC_OPTIMIZATION_LEVEL = 0;
				GCC_PREPROCESSOR_DEFINITIONS = (
					"DEBUG=1",
					"$(inherited)",
				);
				GCC_WARN_64_TO_32_BIT_CONVERSION = YES;
				GCC_WARN_ABOUT_RETURN_TYPE = YES_ERROR;
				GCC_WARN_UNDECLARED_SELECTOR = YES;
				GCC_WARN_UNINITIALIZED_AUTOS = YES_AGGRESSIVE;
				GCC_WARN_UNUSED_FUNCTION = YES;
				GCC_WARN_UNUSED_VARIABLE = YES;
				IPHONEOS_DEPLOYMENT_TARGET = 16.0;
				MTL_ENABLE_DEBUG_INFO = INCLUDE_SOURCE;
				MTL_FAST_MATH = YES;
				ONLY_ACTIVE_ARCH = YES;
				SDKROOT = iphoneos;
				SWIFT_ACTIVE_COMPILATION_CONDITIONS = DEBUG;
				SWIFT_OPTIMIZATION_LEVEL = "-Onone";
			};
			name = Debug;
		};
		60EF2F5528EB7C1F009DA0E3 /* Release */ = {
			isa = XCBuildConfiguration;
			buildSettings = {
				ALWAYS_SEARCH_USER_PATHS = NO;
				CLANG_ANALYZER_NONNULL = YES;
				CLANG_ANALYZER_NUMBER_OBJECT_CONVERSION = YES_AGGRESSIVE;
				CLANG_CXX_LANGUAGE_STANDARD = "gnu++20";
				CLANG_ENABLE_MODULES = YES;
				CLANG_ENABLE_OBJC_ARC = YES;
				CLANG_ENABLE_OBJC_WEAK = YES;
				CLANG_WARN_BLOCK_CAPTURE_AUTORELEASING = YES;
				CLANG_WARN_BOOL_CONVERSION = YES;
				CLANG_WARN_COMMA = YES;
				CLANG_WARN_CONSTANT_CONVERSION = YES;
				CLANG_WARN_DEPRECATED_OBJC_IMPLEMENTATIONS = YES;
				CLANG_WARN_DIRECT_OBJC_ISA_USAGE = YES_ERROR;
				CLANG_WARN_DOCUMENTATION_COMMENTS = YES;
				CLANG_WARN_EMPTY_BODY = YES;
				CLANG_WARN_ENUM_CONVERSION = YES;
				CLANG_WARN_INFINITE_RECURSION = YES;
				CLANG_WARN_INT_CONVERSION = YES;
				CLANG_WARN_NON_LITERAL_NULL_CONVERSION = YES;
				CLANG_WARN_OBJC_IMPLICIT_RETAIN_SELF = YES;
				CLANG_WARN_OBJC_LITERAL_CONVERSION = YES;
				CLANG_WARN_OBJC_ROOT_CLASS = YES_ERROR;
				CLANG_WARN_QUOTED_INCLUDE_IN_FRAMEWORK_HEADER = YES;
				CLANG_WARN_RANGE_LOOP_ANALYSIS = YES;
				CLANG_WARN_STRICT_PROTOTYPES = YES;
				CLANG_WARN_SUSPICIOUS_MOVE = YES;
				CLANG_WARN_UNGUARDED_AVAILABILITY = YES_AGGRESSIVE;
				CLANG_WARN_UNREACHABLE_CODE = YES;
				CLANG_WARN__DUPLICATE_METHOD_MATCH = YES;
				COPY_PHASE_STRIP = NO;
				DEBUG_INFORMATION_FORMAT = "dwarf-with-dsym";
				ENABLE_NS_ASSERTIONS = NO;
				ENABLE_STRICT_OBJC_MSGSEND = YES;
				GCC_C_LANGUAGE_STANDARD = gnu11;
				GCC_NO_COMMON_BLOCKS = YES;
				GCC_WARN_64_TO_32_BIT_CONVERSION = YES;
				GCC_WARN_ABOUT_RETURN_TYPE = YES_ERROR;
				GCC_WARN_UNDECLARED_SELECTOR = YES;
				GCC_WARN_UNINITIALIZED_AUTOS = YES_AGGRESSIVE;
				GCC_WARN_UNUSED_FUNCTION = YES;
				GCC_WARN_UNUSED_VARIABLE = YES;
				IPHONEOS_DEPLOYMENT_TARGET = 16.0;
				MTL_ENABLE_DEBUG_INFO = NO;
				MTL_FAST_MATH = YES;
				SDKROOT = iphoneos;
				SWIFT_COMPILATION_MODE = wholemodule;
				SWIFT_OPTIMIZATION_LEVEL = "-O";
				VALIDATE_PRODUCT = YES;
			};
			name = Release;
		};
		60EF2F5728EB7C1F009DA0E3 /* Debug */ = {
			isa = XCBuildConfiguration;
			buildSettings = {
				ASSETCATALOG_COMPILER_APPICON_NAME = AppIcon;
				ASSETCATALOG_COMPILER_GLOBAL_ACCENT_COLOR_NAME = AccentColor;
				CODE_SIGN_STYLE = Automatic;
				CURRENT_PROJECT_VERSION = 1;
				DEVELOPMENT_ASSET_PATHS = "\"Just Scores/Preview Content\"";
				DEVELOPMENT_TEAM = 7C7BHT2XJT;
				ENABLE_PREVIEWS = YES;
				GENERATE_INFOPLIST_FILE = YES;
				INFOPLIST_KEY_UIApplicationSceneManifest_Generation = YES;
				INFOPLIST_KEY_UIApplicationSupportsIndirectInputEvents = YES;
				INFOPLIST_KEY_UILaunchScreen_Generation = YES;
				INFOPLIST_KEY_UISupportedInterfaceOrientations_iPad = "UIInterfaceOrientationPortrait UIInterfaceOrientationPortraitUpsideDown UIInterfaceOrientationLandscapeLeft UIInterfaceOrientationLandscapeRight";
				INFOPLIST_KEY_UISupportedInterfaceOrientations_iPhone = "UIInterfaceOrientationPortrait UIInterfaceOrientationLandscapeLeft UIInterfaceOrientationLandscapeRight";
				LD_RUNPATH_SEARCH_PATHS = (
					"$(inherited)",
					"@executable_path/Frameworks",
				);
				MARKETING_VERSION = 1.0;
				PRODUCT_BUNDLE_IDENTIFIER = "PlayitLOUD73.Just-Scores";
				PRODUCT_NAME = "$(TARGET_NAME)";
				SWIFT_EMIT_LOC_STRINGS = YES;
				SWIFT_VERSION = 5.0;
				TARGETED_DEVICE_FAMILY = "1,2";
			};
			name = Debug;
		};
		60EF2F5828EB7C1F009DA0E3 /* Release */ = {
			isa = XCBuildConfiguration;
			buildSettings = {
				ASSETCATALOG_COMPILER_APPICON_NAME = AppIcon;
				ASSETCATALOG_COMPILER_GLOBAL_ACCENT_COLOR_NAME = AccentColor;
				CODE_SIGN_STYLE = Automatic;
				CURRENT_PROJECT_VERSION = 1;
				DEVELOPMENT_ASSET_PATHS = "\"Just Scores/Preview Content\"";
				DEVELOPMENT_TEAM = 7C7BHT2XJT;
				ENABLE_PREVIEWS = YES;
				GENERATE_INFOPLIST_FILE = YES;
				INFOPLIST_KEY_UIApplicationSceneManifest_Generation = YES;
				INFOPLIST_KEY_UIApplicationSupportsIndirectInputEvents = YES;
				INFOPLIST_KEY_UILaunchScreen_Generation = YES;
				INFOPLIST_KEY_UISupportedInterfaceOrientations_iPad = "UIInterfaceOrientationPortrait UIInterfaceOrientationPortraitUpsideDown UIInterfaceOrientationLandscapeLeft UIInterfaceOrientationLandscapeRight";
				INFOPLIST_KEY_UISupportedInterfaceOrientations_iPhone = "UIInterfaceOrientationPortrait UIInterfaceOrientationLandscapeLeft UIInterfaceOrientationLandscapeRight";
				LD_RUNPATH_SEARCH_PATHS = (
					"$(inherited)",
					"@executable_path/Frameworks",
				);
				MARKETING_VERSION = 1.0;
				PRODUCT_BUNDLE_IDENTIFIER = "PlayitLOUD73.Just-Scores";
				PRODUCT_NAME = "$(TARGET_NAME)";
				SWIFT_EMIT_LOC_STRINGS = YES;
				SWIFT_VERSION = 5.0;
				TARGETED_DEVICE_FAMILY = "1,2";
			};
			name = Release;
		};
		60EF2F5A28EB7C1F009DA0E3 /* Debug */ = {
			isa = XCBuildConfiguration;
			buildSettings = {
				ALWAYS_EMBED_SWIFT_STANDARD_LIBRARIES = YES;
				BUNDLE_LOADER = "$(TEST_HOST)";
				CODE_SIGN_STYLE = Automatic;
				CURRENT_PROJECT_VERSION = 1;
				DEVELOPMENT_TEAM = 7C7BHT2XJT;
				GENERATE_INFOPLIST_FILE = YES;
				IPHONEOS_DEPLOYMENT_TARGET = 16.0;
				MARKETING_VERSION = 1.0;
				PRODUCT_BUNDLE_IDENTIFIER = "PlayitLOUD73.Just-ScoresTests";
				PRODUCT_NAME = "$(TARGET_NAME)";
				SWIFT_EMIT_LOC_STRINGS = NO;
				SWIFT_VERSION = 5.0;
				TARGETED_DEVICE_FAMILY = "1,2";
				TEST_HOST = "$(BUILT_PRODUCTS_DIR)/Just Scores.app/$(BUNDLE_EXECUTABLE_FOLDER_PATH)/Just Scores";
			};
			name = Debug;
		};
		60EF2F5B28EB7C1F009DA0E3 /* Release */ = {
			isa = XCBuildConfiguration;
			buildSettings = {
				ALWAYS_EMBED_SWIFT_STANDARD_LIBRARIES = YES;
				BUNDLE_LOADER = "$(TEST_HOST)";
				CODE_SIGN_STYLE = Automatic;
				CURRENT_PROJECT_VERSION = 1;
				DEVELOPMENT_TEAM = 7C7BHT2XJT;
				GENERATE_INFOPLIST_FILE = YES;
				IPHONEOS_DEPLOYMENT_TARGET = 16.0;
				MARKETING_VERSION = 1.0;
				PRODUCT_BUNDLE_IDENTIFIER = "PlayitLOUD73.Just-ScoresTests";
				PRODUCT_NAME = "$(TARGET_NAME)";
				SWIFT_EMIT_LOC_STRINGS = NO;
				SWIFT_VERSION = 5.0;
				TARGETED_DEVICE_FAMILY = "1,2";
				TEST_HOST = "$(BUILT_PRODUCTS_DIR)/Just Scores.app/$(BUNDLE_EXECUTABLE_FOLDER_PATH)/Just Scores";
			};
			name = Release;
		};
		60EF2F5D28EB7C1F009DA0E3 /* Debug */ = {
			isa = XCBuildConfiguration;
			buildSettings = {
				ALWAYS_EMBED_SWIFT_STANDARD_LIBRARIES = YES;
				CODE_SIGN_STYLE = Automatic;
				CURRENT_PROJECT_VERSION = 1;
				DEVELOPMENT_TEAM = 7C7BHT2XJT;
				GENERATE_INFOPLIST_FILE = YES;
				MARKETING_VERSION = 1.0;
				PRODUCT_BUNDLE_IDENTIFIER = "PlayitLOUD73.Just-ScoresUITests";
				PRODUCT_NAME = "$(TARGET_NAME)";
				SWIFT_EMIT_LOC_STRINGS = NO;
				SWIFT_VERSION = 5.0;
				TARGETED_DEVICE_FAMILY = "1,2";
				TEST_TARGET_NAME = "Just Scores";
			};
			name = Debug;
		};
		60EF2F5E28EB7C1F009DA0E3 /* Release */ = {
			isa = XCBuildConfiguration;
			buildSettings = {
				ALWAYS_EMBED_SWIFT_STANDARD_LIBRARIES = YES;
				CODE_SIGN_STYLE = Automatic;
				CURRENT_PROJECT_VERSION = 1;
				DEVELOPMENT_TEAM = 7C7BHT2XJT;
				GENERATE_INFOPLIST_FILE = YES;
				MARKETING_VERSION = 1.0;
				PRODUCT_BUNDLE_IDENTIFIER = "PlayitLOUD73.Just-ScoresUITests";
				PRODUCT_NAME = "$(TARGET_NAME)";
				SWIFT_EMIT_LOC_STRINGS = NO;
				SWIFT_VERSION = 5.0;
				TARGETED_DEVICE_FAMILY = "1,2";
				TEST_TARGET_NAME = "Just Scores";
			};
			name = Release;
		};
/* End XCBuildConfiguration section */

/* Begin XCConfigurationList section */
		60EF2F2D28EB7C1D009DA0E3 /* Build configuration list for PBXProject "Just Scores" */ = {
			isa = XCConfigurationList;
			buildConfigurations = (
				60EF2F5428EB7C1F009DA0E3 /* Debug */,
				60EF2F5528EB7C1F009DA0E3 /* Release */,
			);
			defaultConfigurationIsVisible = 0;
			defaultConfigurationName = Release;
		};
		60EF2F5628EB7C1F009DA0E3 /* Build configuration list for PBXNativeTarget "Just Scores" */ = {
			isa = XCConfigurationList;
			buildConfigurations = (
				60EF2F5728EB7C1F009DA0E3 /* Debug */,
				60EF2F5828EB7C1F009DA0E3 /* Release */,
			);
			defaultConfigurationIsVisible = 0;
			defaultConfigurationName = Release;
		};
		60EF2F5928EB7C1F009DA0E3 /* Build configuration list for PBXNativeTarget "Just ScoresTests" */ = {
			isa = XCConfigurationList;
			buildConfigurations = (
				60EF2F5A28EB7C1F009DA0E3 /* Debug */,
				60EF2F5B28EB7C1F009DA0E3 /* Release */,
			);
			defaultConfigurationIsVisible = 0;
			defaultConfigurationName = Release;
		};
		60EF2F5C28EB7C1F009DA0E3 /* Build configuration list for PBXNativeTarget "Just ScoresUITests" */ = {
			isa = XCConfigurationList;
			buildConfigurations = (
				60EF2F5D28EB7C1F009DA0E3 /* Debug */,
				60EF2F5E28EB7C1F009DA0E3 /* Release */,
			);
			defaultConfigurationIsVisible = 0;
			defaultConfigurationName = Release;
		};
/* End XCConfigurationList section */
	};
	rootObject = 60EF2F2A28EB7C1D009DA0E3 /* Project object */;
}
